{
  "name": "oz-chrome-extension",
  "version": "0.1.0",
  "lockfileVersion": 2,
  "requires": true,
  "packages": {
    "": {
      "name": "oz-chrome-extension",
      "version": "0.1.0",
      "workspaces": [
        "packages/*"
      ],
      "devDependencies": {
        "typescript": "^5.8.2"
      }
    },
    "node_modules/@oz-chrome-extension/extension": {
      "resolved": "packages/extension",
      "link": true
    },
    "node_modules/@oz-chrome-extension/oz-client": {
      "resolved": "packages/oz-client",
      "link": true
    },
    "node_modules/@oz-chrome-extension/oz-runtime": {
      "resolved": "packages/oz-runtime",
      "link": true
    },
    "node_modules/@oz-chrome-extension/shared": {
      "resolved": "packages/shared",
      "link": true
    },
    "node_modules/typescript": {
      "version": "5.9.3",
      "resolved": "https://registry.npmjs.org/typescript/-/typescript-5.9.3.tgz",
      "integrity": "sha512-jl1vZzPDinLr9eUt3J/t7V6FgNEw9QjvBPdysz9KfQDD41fQrC2Y4vKQdiaUpFT4bXlb1RHhLpp8wtm6M5TgSw==",
      "dev": true,
      "bin": {
        "tsc": "bin/tsc",
        "tsserver": "bin/tsserver"
      },
      "engines": {
        "node": ">=14.17"
      }
    },
    "packages/extension": {
      "name": "@oz-chrome-extension/extension",
      "version": "0.1.0",
      "dependencies": {
        "@oz-chrome-extension/oz-client": "0.1.0",
        "@oz-chrome-extension/oz-runtime": "0.1.0",
        "@oz-chrome-extension/shared": "0.1.0"
      }
    },
    "packages/oz-client": {
      "name": "@oz-chrome-extension/oz-client",
      "version": "0.1.0",
      "dependencies": {
        "@oz-chrome-extension/shared": "0.1.0"
      }
    },
    "packages/oz-runtime": {
      "name": "@oz-chrome-extension/oz-runtime",
      "version": "0.1.0",
      "dependencies": {
        "@oz-chrome-extension/shared": "0.1.0"
      }
    },
    "packages/shared": {
      "name": "@oz-chrome-extension/shared",
      "version": "0.1.0"
    }
  },
  "dependencies": {
    "@oz-chrome-extension/extension": {
      "version": "file:packages/extension",
      "requires": {
        "@oz-chrome-extension/oz-client": "0.1.0",
        "@oz-chrome-extension/oz-runtime": "0.1.0",
        "@oz-chrome-extension/shared": "0.1.0"
      }
    },
    "@oz-chrome-extension/oz-client": {
      "version": "file:packages/oz-client",
      "requires": {
        "@oz-chrome-extension/shared": "0.1.0"
      }
    },
    "@oz-chrome-extension/oz-runtime": {
      "version": "file:packages/oz-runtime",
      "requires": {
        "@oz-chrome-extension/shared": "0.1.0"
      }
    },
    "@oz-chrome-extension/shared": {
      "version": "file:packages/shared"
    },
    "typescript": {
      "version": "5.9.3",
      "resolved": "https://registry.npmjs.org/typescript/-/typescript-5.9.3.tgz",
      "integrity": "sha512-jl1vZzPDinLr9eUt3J/t7V6FgNEw9QjvBPdysz9KfQDD41fQrC2Y4vKQdiaUpFT4bXlb1RHhLpp8wtm6M5TgSw==",
      "dev": true
    }
  }
}
